<?xml version="1.0" encoding="utf-8"?>
<Project ToolsVersion="4.0" xmlns="http://schemas.microsoft.com/developer/msbuild/2003">
  <ItemGroup>
    <Filter Include="Source Files">
      <UniqueIdentifier>{4FC737F1-C7A5-4376-A066-2A32D752A2FF}</UniqueIdentifier>
      <Extensions>cpp;c;cc;cxx;def;odl;idl;hpj;bat;asm;asmx</Extensions>
    </Filter>
    <Filter Include="Header Files">
      <UniqueIdentifier>{93995380-89BD-4b04-88EB-625FBE52EBFB}</UniqueIdentifier>
      <Extensions>h;hh;hpp;hxx;hm;inl;inc;ipp;xsd</Extensions>
    </Filter>
    <Filter Include="Resource Files">
      <UniqueIdentifier>{67DA6AB6-F800-4c08-8B7A-83BB121AAD01}</UniqueIdentifier>
      <Extensions>rc;ico;cur;bmp;dlg;rc2;rct;bin;rgs;gif;jpg;jpeg;jpe;resx;tiff;tif;png;wav;mfcribbon-ms</Extensions>
    </Filter>
  </ItemGroup>
  <ItemGroup>
    <ClInclude Include="..\Repository\NoSqlDb-Bkp\NoSqlDb\Browse\Browse.h">
      <Filter>Header Files</Filter>
    </ClInclude>
    <ClInclude Include="..\Repository\NoSqlDb-Bkp\NoSqlDb\CheckIn\CheckIn.h">
      <Filter>Header Files</Filter>
    </ClInclude>
    <ClInclude Include="..\Repository\NoSqlDb-Bkp\NoSqlDb\CheckIn\GraphUtils.h">
      <Filter>Header Files</Filter>
    </ClInclude>
    <ClInclude Include="..\Repository\NoSqlDb-Bkp\NoSqlDb\CheckOut\CheckOut.h">
      <Filter>Header Files</Filter>
    </ClInclude>
    <ClInclude Include="..\Repository\NoSqlDb-Bkp\NoSqlDb\FileNameParser\FileNameParser.h">
      <Filter>Header Files</Filter>
    </ClInclude>
    <ClInclude Include="..\Repository\NoSqlDb-Bkp\NoSqlDb\RepositoryCore\RepositoryCore.h">
      <Filter>Header Files</Filter>
    </ClInclude>
    <ClInclude Include="..\Repository\NoSqlDb-Bkp\NoSqlDb\GraphWalkDemo\Graph.h">
      <Filter>Header Files</Filter>
    </ClInclude>
    <ClInclude Include="..\Repository\NoSqlDb-Bkp\NoSqlDb\Versioning\Versioning.h">
      <Filter>Header Files</Filter>
    </ClInclude>
    <ClInclude Include="..\Repository\NoSqlDb-Bkp\NoSqlDb\Utils\ApplicationConstants.h">
      <Filter>Header Files</Filter>
    </ClInclude>
  </ItemGroup>
  <ItemGroup>
    <ClCompile Include="..\Repository\NoSqlDb-Bkp\NoSqlDb\Browse\Browse.cpp">
      <Filter>Source Files</Filter>
    </ClCompile>
    <ClCompile Include="..\Repository\NoSqlDb-Bkp\NoSqlDb\CheckIn\CheckIn.cpp">
      <Filter>Source Files</Filter>
    </ClCompile>
    <ClCompile Include="..\Repository\NoSqlDb-Bkp\NoSqlDb\CheckIn\GraphUtils.cpp">
      <Filter>Source Files</Filter>
    </ClCompile>
    <ClCompile Include="..\Repository\NoSqlDb-Bkp\NoSqlDb\CheckOut\CheckOut.cpp">
      <Filter>Source Files</Filter>
    </ClCompile>
    <ClCompile Include="..\Repository\NoSqlDb-Bkp\NoSqlDb\FileNameParser\FileNameParser.cpp">
      <Filter>Source Files</Filter>
    </ClCompile>
    <ClCompile Include="..\Repository\NoSqlDb-Bkp\NoSqlDb\GraphWalkDemo\Graph.cpp">
      <Filter>Source Files</Filter>
    </ClCompile>
    <ClCompile Include="..\Repository\NoSqlDb-Bkp\NoSqlDb\Versioning\Versioning.cpp">
      <Filter>Source Files</Filter>
    </ClCompile>
    <ClCompile Include="..\Repository\NoSqlDb-Bkp\NoSqlDb\RepositoryCore\RepositoryCore.cpp">
      <Filter>Source Files</Filter>
    </ClCompile>
    <ClCompile Include="..\Repository\NoSqlDb-Bkp\NoSqlDb\Utils\ApplicationConstants.cpp">
      <Filter>Source Files</Filter>
    </ClCompile>
  </ItemGroup>
</Project>