
Microsoft Visual Studio Solution File, Format Version 12.00
# Visual Studio 15
VisualStudioVersion = 15.0.27130.2024
MinimumVisualStudioVersion = 10.0.40219.1
Project("{8BC9CEB8-8B4A-11D0-8D11-00A0C91BC942}") = "DateTime", "DateTime\DateTime.vcxproj", "{C1E1F450-B7E1-4796-84D5-7D3C831DFF68}"
EndProject
Project("{2150E333-8FDC-42A3-9474-1A3956D46DE8}") = "Solution Items", "Solution Items", "{5CEBA480-2900-4D55-9F91-1030C5067BB2}"
	ProjectSection(SolutionItems) = preProject
		Build.txt = Build.txt
		ToDo.txt = ToDo.txt
	EndProjectSection
EndProject
Project("{8BC9CEB8-8B4A-11D0-8D11-00A0C91BC942}") = "TestUtilities", "Utilities\TestUtilities\TestUtilities.vcxproj", "{A8DC26E8-826F-4714-8B5E-408E0DD30C74}"
EndProject
Project("{8BC9CEB8-8B4A-11D0-8D11-00A0C91BC942}") = "XmlDocument", "XmlDocument\XmlDocument.vcxproj", "{0A82ECDC-7520-453A-8F2C-D813FEEE7537}"
EndProject
Project("{8BC9CEB8-8B4A-11D0-8D11-00A0C91BC942}") = "Query", "Query\Query.vcxproj", "{8B0D103A-E477-4483-B193-C66CAE7E131A}"
EndProject
Project("{8BC9CEB8-8B4A-11D0-8D11-00A0C91BC942}") = "Executive", "Executive\Executive.vcxproj", "{3E895B7E-C011-40B0-B2C1-F47FDE155B40}"
EndProject
Project("{8BC9CEB8-8B4A-11D0-8D11-00A0C91BC942}") = "DbCore", "DbCore\DbCore.vcxproj", "{6B74CAF7-07DB-4F19-98BC-B3E6490A39A0}"
EndProject
Project("{8BC9CEB8-8B4A-11D0-8D11-00A0C91BC942}") = "Persistence", "Persistence\Persistence.vcxproj", "{9E51E607-55E5-4791-AFAE-DFBC70652230}"
EndProject
Project("{8BC9CEB8-8B4A-11D0-8D11-00A0C91BC942}") = "Versioning", "Versioning\Versioning.vcxproj", "{27CEBC54-CEB6-4831-AE2A-B79DFAC426F1}"
EndProject
Project("{8BC9CEB8-8B4A-11D0-8D11-00A0C91BC942}") = "Checkin", "CheckIn\CheckIn.vcxproj", "{EF5C1354-AE4F-4876-831F-6E0B762FB3B5}"
EndProject
Project("{8BC9CEB8-8B4A-11D0-8D11-00A0C91BC942}") = "ProjectUtil", "Utils\Utils.vcxproj", "{8077E20C-420A-4913-8529-B9B92D902F28}"
EndProject
Project("{8BC9CEB8-8B4A-11D0-8D11-00A0C91BC942}") = "FileSystem", "FileSystemDemo\FileSystemDemo.vcxproj", "{EF4A3188-CA93-45A2-AB52-7548669E3AA8}"
EndProject
Project("{8BC9CEB8-8B4A-11D0-8D11-00A0C91BC942}") = "RepositoryCore", "RepositoryCore\RepositoryCore.vcxproj", "{BEFDA763-1CA7-45F1-8C20-0CEAEE36140F}"
EndProject
Project("{8BC9CEB8-8B4A-11D0-8D11-00A0C91BC942}") = "Process", "Process\Process.vcxproj", "{5E2548A1-C280-49E1-A2B6-55F4BA12B3F2}"
EndProject
Project("{8BC9CEB8-8B4A-11D0-8D11-00A0C91BC942}") = "ExecutiveRepository", "ExecutiveRepository\ExecutiveRepository.vcxproj", "{E3C9081C-146B-4C80-A3D0-6487D1DBC4C8}"
EndProject
Project("{8BC9CEB8-8B4A-11D0-8D11-00A0C91BC942}") = "FileNameParser", "FileNameParser\FileNameParser.vcxproj", "{E452B0B6-620F-4B0F-81D0-900EE2B65CA8}"
EndProject
Project("{8BC9CEB8-8B4A-11D0-8D11-00A0C91BC942}") = "Graph", "GraphWalkDemo\GraphWalkDemo.vcxproj", "{BCD5E65D-219F-459F-B7C1-5F065EDD2ACD}"
EndProject
Project("{8BC9CEB8-8B4A-11D0-8D11-00A0C91BC942}") = "Browse", "Browse\Browse.vcxproj", "{E5350AB1-632D-4B9D-AE66-600612E52381}"
EndProject
Project("{8BC9CEB8-8B4A-11D0-8D11-00A0C91BC942}") = "CheckOut", "CheckOut\CheckOut.vcxproj", "{2FEA5D1E-2048-4841-B619-075FFCC0F395}"
EndProject
Global
	GlobalSection(SolutionConfigurationPlatforms) = preSolution
		Debug|x64 = Debug|x64
		Debug|x86 = Debug|x86
		Release|x64 = Release|x64
		Release|x86 = Release|x86
	EndGlobalSection
	GlobalSection(ProjectConfigurationPlatforms) = postSolution
		{C1E1F450-B7E1-4796-84D5-7D3C831DFF68}.Debug|x64.ActiveCfg = Debug|x64
		{C1E1F450-B7E1-4796-84D5-7D3C831DFF68}.Debug|x64.Build.0 = Debug|x64
		{C1E1F450-B7E1-4796-84D5-7D3C831DFF68}.Debug|x86.ActiveCfg = Debug|Win32
		{C1E1F450-B7E1-4796-84D5-7D3C831DFF68}.Debug|x86.Build.0 = Debug|Win32
		{C1E1F450-B7E1-4796-84D5-7D3C831DFF68}.Release|x64.ActiveCfg = Release|x64
		{C1E1F450-B7E1-4796-84D5-7D3C831DFF68}.Release|x64.Build.0 = Release|x64
		{C1E1F450-B7E1-4796-84D5-7D3C831DFF68}.Release|x86.ActiveCfg = Release|Win32
		{C1E1F450-B7E1-4796-84D5-7D3C831DFF68}.Release|x86.Build.0 = Release|Win32
		{A8DC26E8-826F-4714-8B5E-408E0DD30C74}.Debug|x64.ActiveCfg = Debug|x64
		{A8DC26E8-826F-4714-8B5E-408E0DD30C74}.Debug|x64.Build.0 = Debug|x64
		{A8DC26E8-826F-4714-8B5E-408E0DD30C74}.Debug|x86.ActiveCfg = Debug|Win32
		{A8DC26E8-826F-4714-8B5E-408E0DD30C74}.Debug|x86.Build.0 = Debug|Win32
		{A8DC26E8-826F-4714-8B5E-408E0DD30C74}.Release|x64.ActiveCfg = Release|x64
		{A8DC26E8-826F-4714-8B5E-408E0DD30C74}.Release|x64.Build.0 = Release|x64
		{A8DC26E8-826F-4714-8B5E-408E0DD30C74}.Release|x86.ActiveCfg = Release|Win32
		{A8DC26E8-826F-4714-8B5E-408E0DD30C74}.Release|x86.Build.0 = Release|Win32
		{0A82ECDC-7520-453A-8F2C-D813FEEE7537}.Debug|x64.ActiveCfg = Debug|Win32
		{0A82ECDC-7520-453A-8F2C-D813FEEE7537}.Debug|x86.ActiveCfg = Debug|Win32
		{0A82ECDC-7520-453A-8F2C-D813FEEE7537}.Debug|x86.Build.0 = Debug|Win32
		{0A82ECDC-7520-453A-8F2C-D813FEEE7537}.Release|x64.ActiveCfg = Release|Win32
		{0A82ECDC-7520-453A-8F2C-D813FEEE7537}.Release|x86.ActiveCfg = Release|Win32
		{0A82ECDC-7520-453A-8F2C-D813FEEE7537}.Release|x86.Build.0 = Release|Win32
		{8B0D103A-E477-4483-B193-C66CAE7E131A}.Debug|x64.ActiveCfg = Debug|x64
		{8B0D103A-E477-4483-B193-C66CAE7E131A}.Debug|x64.Build.0 = Debug|x64
		{8B0D103A-E477-4483-B193-C66CAE7E131A}.Debug|x86.ActiveCfg = Debug|Win32
		{8B0D103A-E477-4483-B193-C66CAE7E131A}.Debug|x86.Build.0 = Debug|Win32
		{8B0D103A-E477-4483-B193-C66CAE7E131A}.Release|x64.ActiveCfg = Release|x64
		{8B0D103A-E477-4483-B193-C66CAE7E131A}.Release|x64.Build.0 = Release|x64
		{8B0D103A-E477-4483-B193-C66CAE7E131A}.Release|x86.ActiveCfg = Release|Win32
		{8B0D103A-E477-4483-B193-C66CAE7E131A}.Release|x86.Build.0 = Release|Win32
		{3E895B7E-C011-40B0-B2C1-F47FDE155B40}.Debug|x64.ActiveCfg = Debug|x64
		{3E895B7E-C011-40B0-B2C1-F47FDE155B40}.Debug|x64.Build.0 = Debug|x64
		{3E895B7E-C011-40B0-B2C1-F47FDE155B40}.Debug|x86.ActiveCfg = Debug|Win32
		{3E895B7E-C011-40B0-B2C1-F47FDE155B40}.Debug|x86.Build.0 = Debug|Win32
		{3E895B7E-C011-40B0-B2C1-F47FDE155B40}.Release|x64.ActiveCfg = Release|x64
		{3E895B7E-C011-40B0-B2C1-F47FDE155B40}.Release|x64.Build.0 = Release|x64
		{3E895B7E-C011-40B0-B2C1-F47FDE155B40}.Release|x86.ActiveCfg = Release|Win32
		{3E895B7E-C011-40B0-B2C1-F47FDE155B40}.Release|x86.Build.0 = Release|Win32
		{6B74CAF7-07DB-4F19-98BC-B3E6490A39A0}.Debug|x64.ActiveCfg = Debug|x64
		{6B74CAF7-07DB-4F19-98BC-B3E6490A39A0}.Debug|x64.Build.0 = Debug|x64
		{6B74CAF7-07DB-4F19-98BC-B3E6490A39A0}.Debug|x86.ActiveCfg = Debug|Win32
		{6B74CAF7-07DB-4F19-98BC-B3E6490A39A0}.Debug|x86.Build.0 = Debug|Win32
		{6B74CAF7-07DB-4F19-98BC-B3E6490A39A0}.Release|x64.ActiveCfg = Release|x64
		{6B74CAF7-07DB-4F19-98BC-B3E6490A39A0}.Release|x64.Build.0 = Release|x64
		{6B74CAF7-07DB-4F19-98BC-B3E6490A39A0}.Release|x86.ActiveCfg = Release|Win32
		{6B74CAF7-07DB-4F19-98BC-B3E6490A39A0}.Release|x86.Build.0 = Release|Win32
		{9E51E607-55E5-4791-AFAE-DFBC70652230}.Debug|x64.ActiveCfg = Debug|x64
		{9E51E607-55E5-4791-AFAE-DFBC70652230}.Debug|x64.Build.0 = Debug|x64
		{9E51E607-55E5-4791-AFAE-DFBC70652230}.Debug|x86.ActiveCfg = Debug|Win32
		{9E51E607-55E5-4791-AFAE-DFBC70652230}.Debug|x86.Build.0 = Debug|Win32
		{9E51E607-55E5-4791-AFAE-DFBC70652230}.Release|x64.ActiveCfg = Release|x64
		{9E51E607-55E5-4791-AFAE-DFBC70652230}.Release|x64.Build.0 = Release|x64
		{9E51E607-55E5-4791-AFAE-DFBC70652230}.Release|x86.ActiveCfg = Release|Win32
		{9E51E607-55E5-4791-AFAE-DFBC70652230}.Release|x86.Build.0 = Release|Win32
		{27CEBC54-CEB6-4831-AE2A-B79DFAC426F1}.Debug|x64.ActiveCfg = Debug|x64
		{27CEBC54-CEB6-4831-AE2A-B79DFAC426F1}.Debug|x64.Build.0 = Debug|x64
		{27CEBC54-CEB6-4831-AE2A-B79DFAC426F1}.Debug|x86.ActiveCfg = Debug|Win32
		{27CEBC54-CEB6-4831-AE2A-B79DFAC426F1}.Debug|x86.Build.0 = Debug|Win32
		{27CEBC54-CEB6-4831-AE2A-B79DFAC426F1}.Release|x64.ActiveCfg = Release|x64
		{27CEBC54-CEB6-4831-AE2A-B79DFAC426F1}.Release|x64.Build.0 = Release|x64
		{27CEBC54-CEB6-4831-AE2A-B79DFAC426F1}.Release|x86.ActiveCfg = Release|Win32
		{27CEBC54-CEB6-4831-AE2A-B79DFAC426F1}.Release|x86.Build.0 = Release|Win32
		{EF5C1354-AE4F-4876-831F-6E0B762FB3B5}.Debug|x64.ActiveCfg = Debug|x64
		{EF5C1354-AE4F-4876-831F-6E0B762FB3B5}.Debug|x64.Build.0 = Debug|x64
		{EF5C1354-AE4F-4876-831F-6E0B762FB3B5}.Debug|x86.ActiveCfg = Debug|Win32
		{EF5C1354-AE4F-4876-831F-6E0B762FB3B5}.Debug|x86.Build.0 = Debug|Win32
		{EF5C1354-AE4F-4876-831F-6E0B762FB3B5}.Release|x64.ActiveCfg = Release|x64
		{EF5C1354-AE4F-4876-831F-6E0B762FB3B5}.Release|x64.Build.0 = Release|x64
		{EF5C1354-AE4F-4876-831F-6E0B762FB3B5}.Release|x86.ActiveCfg = Release|Win32
		{EF5C1354-AE4F-4876-831F-6E0B762FB3B5}.Release|x86.Build.0 = Release|Win32
		{8077E20C-420A-4913-8529-B9B92D902F28}.Debug|x64.ActiveCfg = Debug|x64
		{8077E20C-420A-4913-8529-B9B92D902F28}.Debug|x64.Build.0 = Debug|x64
		{8077E20C-420A-4913-8529-B9B92D902F28}.Debug|x86.ActiveCfg = Debug|Win32
		{8077E20C-420A-4913-8529-B9B92D902F28}.Debug|x86.Build.0 = Debug|Win32
		{8077E20C-420A-4913-8529-B9B92D902F28}.Release|x64.ActiveCfg = Release|x64
		{8077E20C-420A-4913-8529-B9B92D902F28}.Release|x64.Build.0 = Release|x64
		{8077E20C-420A-4913-8529-B9B92D902F28}.Release|x86.ActiveCfg = Release|Win32
		{8077E20C-420A-4913-8529-B9B92D902F28}.Release|x86.Build.0 = Release|Win32
		{EF4A3188-CA93-45A2-AB52-7548669E3AA8}.Debug|x64.ActiveCfg = Debug|Win32
		{EF4A3188-CA93-45A2-AB52-7548669E3AA8}.Debug|x86.ActiveCfg = Debug|Win32
		{EF4A3188-CA93-45A2-AB52-7548669E3AA8}.Debug|x86.Build.0 = Debug|Win32
		{EF4A3188-CA93-45A2-AB52-7548669E3AA8}.Release|x64.ActiveCfg = Release|Win32
		{EF4A3188-CA93-45A2-AB52-7548669E3AA8}.Release|x86.ActiveCfg = Release|Win32
		{EF4A3188-CA93-45A2-AB52-7548669E3AA8}.Release|x86.Build.0 = Release|Win32
		{BEFDA763-1CA7-45F1-8C20-0CEAEE36140F}.Debug|x64.ActiveCfg = Debug|x64
		{BEFDA763-1CA7-45F1-8C20-0CEAEE36140F}.Debug|x64.Build.0 = Debug|x64
		{BEFDA763-1CA7-45F1-8C20-0CEAEE36140F}.Debug|x86.ActiveCfg = Debug|Win32
		{BEFDA763-1CA7-45F1-8C20-0CEAEE36140F}.Debug|x86.Build.0 = Debug|Win32
		{BEFDA763-1CA7-45F1-8C20-0CEAEE36140F}.Release|x64.ActiveCfg = Release|x64
		{BEFDA763-1CA7-45F1-8C20-0CEAEE36140F}.Release|x64.Build.0 = Release|x64
		{BEFDA763-1CA7-45F1-8C20-0CEAEE36140F}.Release|x86.ActiveCfg = Release|Win32
		{BEFDA763-1CA7-45F1-8C20-0CEAEE36140F}.Release|x86.Build.0 = Release|Win32
		{5E2548A1-C280-49E1-A2B6-55F4BA12B3F2}.Debug|x64.ActiveCfg = Debug|x64
		{5E2548A1-C280-49E1-A2B6-55F4BA12B3F2}.Debug|x64.Build.0 = Debug|x64
		{5E2548A1-C280-49E1-A2B6-55F4BA12B3F2}.Debug|x86.ActiveCfg = Debug|Win32
		{5E2548A1-C280-49E1-A2B6-55F4BA12B3F2}.Debug|x86.Build.0 = Debug|Win32
		{5E2548A1-C280-49E1-A2B6-55F4BA12B3F2}.Release|x64.ActiveCfg = Release|x64
		{5E2548A1-C280-49E1-A2B6-55F4BA12B3F2}.Release|x64.Build.0 = Release|x64
		{5E2548A1-C280-49E1-A2B6-55F4BA12B3F2}.Release|x86.ActiveCfg = Release|Win32
		{5E2548A1-C280-49E1-A2B6-55F4BA12B3F2}.Release|x86.Build.0 = Release|Win32
		{E3C9081C-146B-4C80-A3D0-6487D1DBC4C8}.Debug|x64.ActiveCfg = Debug|x64
		{E3C9081C-146B-4C80-A3D0-6487D1DBC4C8}.Debug|x64.Build.0 = Debug|x64
		{E3C9081C-146B-4C80-A3D0-6487D1DBC4C8}.Debug|x86.ActiveCfg = Debug|Win32
		{E3C9081C-146B-4C80-A3D0-6487D1DBC4C8}.Debug|x86.Build.0 = Debug|Win32
		{E3C9081C-146B-4C80-A3D0-6487D1DBC4C8}.Release|x64.ActiveCfg = Release|x64
		{E3C9081C-146B-4C80-A3D0-6487D1DBC4C8}.Release|x64.Build.0 = Release|x64
		{E3C9081C-146B-4C80-A3D0-6487D1DBC4C8}.Release|x86.ActiveCfg = Release|Win32
		{E3C9081C-146B-4C80-A3D0-6487D1DBC4C8}.Release|x86.Build.0 = Release|Win32
		{E452B0B6-620F-4B0F-81D0-900EE2B65CA8}.Debug|x64.ActiveCfg = Debug|x64
		{E452B0B6-620F-4B0F-81D0-900EE2B65CA8}.Debug|x64.Build.0 = Debug|x64
		{E452B0B6-620F-4B0F-81D0-900EE2B65CA8}.Debug|x86.ActiveCfg = Debug|Win32
		{E452B0B6-620F-4B0F-81D0-900EE2B65CA8}.Debug|x86.Build.0 = Debug|Win32
		{E452B0B6-620F-4B0F-81D0-900EE2B65CA8}.Release|x64.ActiveCfg = Release|x64
		{E452B0B6-620F-4B0F-81D0-900EE2B65CA8}.Release|x64.Build.0 = Release|x64
		{E452B0B6-620F-4B0F-81D0-900EE2B65CA8}.Release|x86.ActiveCfg = Release|Win32
		{E452B0B6-620F-4B0F-81D0-900EE2B65CA8}.Release|x86.Build.0 = Release|Win32
		{BCD5E65D-219F-459F-B7C1-5F065EDD2ACD}.Debug|x64.ActiveCfg = Debug|Win32
		{BCD5E65D-219F-459F-B7C1-5F065EDD2ACD}.Debug|x86.ActiveCfg = Debug|Win32
		{BCD5E65D-219F-459F-B7C1-5F065EDD2ACD}.Debug|x86.Build.0 = Debug|Win32
		{BCD5E65D-219F-459F-B7C1-5F065EDD2ACD}.Release|x64.ActiveCfg = Release|Win32
		{BCD5E65D-219F-459F-B7C1-5F065EDD2ACD}.Release|x86.ActiveCfg = Release|Win32
		{BCD5E65D-219F-459F-B7C1-5F065EDD2ACD}.Release|x86.Build.0 = Release|Win32
		{E5350AB1-632D-4B9D-AE66-600612E52381}.Debug|x64.ActiveCfg = Debug|x64
		{E5350AB1-632D-4B9D-AE66-600612E52381}.Debug|x64.Build.0 = Debug|x64
		{E5350AB1-632D-4B9D-AE66-600612E52381}.Debug|x86.ActiveCfg = Debug|Win32
		{E5350AB1-632D-4B9D-AE66-600612E52381}.Debug|x86.Build.0 = Debug|Win32
		{E5350AB1-632D-4B9D-AE66-600612E52381}.Release|x64.ActiveCfg = Release|x64
		{E5350AB1-632D-4B9D-AE66-600612E52381}.Release|x64.Build.0 = Release|x64
		{E5350AB1-632D-4B9D-AE66-600612E52381}.Release|x86.ActiveCfg = Release|Win32
		{E5350AB1-632D-4B9D-AE66-600612E52381}.Release|x86.Build.0 = Release|Win32
		{2FEA5D1E-2048-4841-B619-075FFCC0F395}.Debug|x64.ActiveCfg = Debug|x64
		{2FEA5D1E-2048-4841-B619-075FFCC0F395}.Debug|x64.Build.0 = Debug|x64
		{2FEA5D1E-2048-4841-B619-075FFCC0F395}.Debug|x86.ActiveCfg = Debug|Win32
		{2FEA5D1E-2048-4841-B619-075FFCC0F395}.Debug|x86.Build.0 = Debug|Win32
		{2FEA5D1E-2048-4841-B619-075FFCC0F395}.Release|x64.ActiveCfg = Release|x64
		{2FEA5D1E-2048-4841-B619-075FFCC0F395}.Release|x64.Build.0 = Release|x64
		{2FEA5D1E-2048-4841-B619-075FFCC0F395}.Release|x86.ActiveCfg = Release|Win32
		{2FEA5D1E-2048-4841-B619-075FFCC0F395}.Release|x86.Build.0 = Release|Win32
	EndGlobalSection
	GlobalSection(SolutionProperties) = preSolution
		HideSolutionNode = FALSE
	EndGlobalSection
	GlobalSection(ExtensibilityGlobals) = postSolution
		SolutionGuid = {03234BB4-4100-494A-9C05-D76DBA45E13F}
	EndGlobalSection
EndGlobal
