<?xml version="1.0" encoding="utf-8"?>
<Project ToolsVersion="4.0" xmlns="http://schemas.microsoft.com/developer/msbuild/2003">
  <ItemGroup>
    <Filter Include="Source Files">
      <UniqueIdentifier>{4FC737F1-C7A5-4376-A066-2A32D752A2FF}</UniqueIdentifier>
      <Extensions>cpp;c;cc;cxx;def;odl;idl;hpj;bat;asm;asmx</Extensions>
    </Filter>
    <Filter Include="Header Files">
      <UniqueIdentifier>{93995380-89BD-4b04-88EB-625FBE52EBFB}</UniqueIdentifier>
      <Extensions>h;hh;hpp;hxx;hm;inl;inc;ipp;xsd</Extensions>
    </Filter>
    <Filter Include="Resource Files">
      <UniqueIdentifier>{67DA6AB6-F800-4c08-8B7A-83BB121AAD01}</UniqueIdentifier>
      <Extensions>rc;ico;cur;bmp;dlg;rc2;rct;bin;rgs;gif;jpg;jpeg;jpe;resx;tiff;tif;png;wav;mfcribbon-ms</Extensions>
    </Filter>
  </ItemGroup>
  <ItemGroup>
    <ClInclude Include="..\Repository\NoSqlDb-Bkp\NoSqlDb\DateTime\DateTime.h">
      <Filter>Header Files</Filter>
    </ClInclude>
    <ClInclude Include="..\Repository\NoSqlDb-Bkp\NoSqlDb\DbCore\DbCore.h">
      <Filter>Header Files</Filter>
    </ClInclude>
    <ClInclude Include="..\Repository\NoSqlDb-Bkp\NoSqlDb\DbCore\PayLoad.h">
      <Filter>Header Files</Filter>
    </ClInclude>
    <ClInclude Include="..\Repository\NoSqlDb-Bkp\NoSqlDb\DbCore\PayLoadXMLTemplate.h">
      <Filter>Header Files</Filter>
    </ClInclude>
    <ClInclude Include="..\Repository\NoSqlDb-Bkp\NoSqlDb\DbCore\PayLoadUtils.h">
      <Filter>Header Files</Filter>
    </ClInclude>
    <ClInclude Include="..\Repository\NoSqlDb-Bkp\NoSqlDb\Persistence\Persistence.h">
      <Filter>Header Files</Filter>
    </ClInclude>
    <ClInclude Include="..\Repository\NoSqlDb-Bkp\NoSqlDb\Query\Query.h">
      <Filter>Header Files</Filter>
    </ClInclude>
    <ClInclude Include="..\Repository\NoSqlDb-Bkp\NoSqlDb\Query\Condition.h">
      <Filter>Header Files</Filter>
    </ClInclude>
    <ClInclude Include="..\Repository\NoSqlDb-Bkp\NoSqlDb\Utilities\Utilities.h">
      <Filter>Header Files</Filter>
    </ClInclude>
  </ItemGroup>
  <ItemGroup>
    <ClCompile Include="..\Repository\NoSqlDb-Bkp\NoSqlDb\Query\Conditions.cpp">
      <Filter>Source Files</Filter>
    </ClCompile>
    <ClCompile Include="..\Repository\NoSqlDb-Bkp\NoSqlDb\Query\Query.cpp">
      <Filter>Source Files</Filter>
    </ClCompile>
    <ClCompile Include="..\Repository\NoSqlDb-Bkp\NoSqlDb\Persistence\Persistence.cpp">
      <Filter>Source Files</Filter>
    </ClCompile>
    <ClCompile Include="..\Repository\NoSqlDb-Bkp\NoSqlDb\DbCore\DbCore.cpp">
      <Filter>Source Files</Filter>
    </ClCompile>
    <ClCompile Include="..\Repository\NoSqlDb-Bkp\NoSqlDb\DbCore\PayLoad.cpp">
      <Filter>Source Files</Filter>
    </ClCompile>
    <ClCompile Include="..\Repository\NoSqlDb-Bkp\NoSqlDb\DbCore\PayLoadUtils.cpp">
      <Filter>Source Files</Filter>
    </ClCompile>
    <ClCompile Include="..\Repository\NoSqlDb-Bkp\NoSqlDb\DbCore\PayLoadXMLTemplate.cpp">
      <Filter>Source Files</Filter>
    </ClCompile>
    <ClCompile Include="..\Repository\NoSqlDb-Bkp\NoSqlDb\DateTime\DateTime.cpp">
      <Filter>Source Files</Filter>
    </ClCompile>
    <ClCompile Include="..\Repository\NoSqlDb-Bkp\NoSqlDb\Utilities\Utilities.cpp">
      <Filter>Source Files</Filter>
    </ClCompile>
  </ItemGroup>
</Project>